
Microsoft Visual Studio Solution File, Format Version 12.00
# Visual Studio Version 17
VisualStudioVersion = 17.5.002.0
MinimumVisualStudioVersion = 10.0.40219.1
Project("{9A19103F-16F7-4668-BE54-9A1E7A4F7556}") = "DesafioPOO", "DesafioPOO.csproj", "{704B8099-EC01-43DD-9A5F-7ECF3CC9AB5C}"
EndProject
Global
	GlobalSection(SolutionConfigurationPlatforms) = preSolution
		Debug|Any CPU = Debug|Any CPU
		Release|Any CPU = Release|Any CPU
	EndGlobalSection
	GlobalSection(ProjectConfigurationPlatforms) = postSolution
		{704B8099-EC01-43DD-9A5F-7ECF3CC9AB5C}.Debug|Any CPU.ActiveCfg = Debug|Any CPU
		{704B8099-EC01-43DD-9A5F-7ECF3CC9AB5C}.Debug|Any CPU.Build.0 = Debug|Any CPU
		{704B8099-EC01-43DD-9A5F-7ECF3CC9AB5C}.Release|Any CPU.ActiveCfg = Release|Any CPU
		{704B8099-EC01-43DD-9A5F-7ECF3CC9AB5C}.Release|Any CPU.Build.0 = Release|Any CPU
	EndGlobalSection
	GlobalSection(SolutionProperties) = preSolution
		HideSolutionNode = FALSE
	EndGlobalSection
	GlobalSection(ExtensibilityGlobals) = postSolution
		SolutionGuid = {9BB795AA-E8A5-49EC-840F-FC34F70C01B2}
	EndGlobalSection
EndGlobal
